
Microsoft Visual Studio Solution File, Format Version 12.00
# Visual Studio Version 17
VisualStudioVersion = 17.14.36623.8 d17.14
MinimumVisualStudioVersion = 10.0.40219.1
Project("{FAE04EC0-301F-11D3-BF4B-00C04F79EFBC}") = "SDKGenerator", "SDKGenerator.csproj", "{F09F1F72-F85E-4BDE-B812-8654E50D4D87}"
EndProject
Global
	GlobalSection(SolutionConfigurationPlatforms) = preSolution
		Debug|Any CPU = Debug|Any CPU
		Release|Any CPU = Release|Any CPU
	EndGlobalSection
	GlobalSection(ProjectConfigurationPlatforms) = postSolution
		{F09F1F72-F85E-4BDE-B812-8654E50D4D87}.Debug|Any CPU.ActiveCfg = Debug|Any CPU
		{F09F1F72-F85E-4BDE-B812-8654E50D4D87}.Debug|Any CPU.Build.0 = Debug|Any CPU
		{F09F1F72-F85E-4BDE-B812-8654E50D4D87}.Release|Any CPU.ActiveCfg = Release|Any CPU
		{F09F1F72-F85E-4BDE-B812-8654E50D4D87}.Release|Any CPU.Build.0 = Release|Any CPU
	EndGlobalSection
	GlobalSection(SolutionProperties) = preSolution
		HideSolutionNode = FALSE
	EndGlobalSection
	GlobalSection(ExtensibilityGlobals) = postSolution
		SolutionGuid = {C4A2284C-88AF-4433-BC83-5C0B18972DD0}
	EndGlobalSection
EndGlobal
